
Microsoft Visual Studio Solution File, Format Version 12.00
# Visual Studio Version 16
VisualStudioVersion = 16.0.31129.286
MinimumVisualStudioVersion = 10.0.40219.1
Project("{FAE04EC0-301F-11D3-BF4B-00C04F79EFBC}") = "Fail2Ban4Win", "Fail2Ban4Win\Fail2Ban4Win.csproj", "{F87074CC-C205-403F-8113-5F41716BE1CB}"
EndProject
Project("{9A19103F-16F7-4668-BE54-9A1E7A4F7556}") = "Tests", "Tests\Tests.csproj", "{7A7D0B42-33B3-47F6-94F6-FAAA585A3B13}"
EndProject
Global
	GlobalSection(SolutionConfigurationPlatforms) = preSolution
		Debug|Any CPU = Debug|Any CPU
		Release|Any CPU = Release|Any CPU
	EndGlobalSection
	GlobalSection(ProjectConfigurationPlatforms) = postSolution
		{F87074CC-C205-403F-8113-5F41716BE1CB}.Debug|Any CPU.ActiveCfg = Debug|Any CPU
		{F87074CC-C205-403F-8113-5F41716BE1CB}.Debug|Any CPU.Build.0 = Debug|Any CPU
		{F87074CC-C205-403F-8113-5F41716BE1CB}.Release|Any CPU.ActiveCfg = Release|Any CPU
		{F87074CC-C205-403F-8113-5F41716BE1CB}.Release|Any CPU.Build.0 = Release|Any CPU
		{7A7D0B42-33B3-47F6-94F6-FAAA585A3B13}.Debug|Any CPU.ActiveCfg = Debug|Any CPU
		{7A7D0B42-33B3-47F6-94F6-FAAA585A3B13}.Debug|Any CPU.Build.0 = Debug|Any CPU
		{7A7D0B42-33B3-47F6-94F6-FAAA585A3B13}.Release|Any CPU.ActiveCfg = Debug|Any CPU
	EndGlobalSection
	GlobalSection(SolutionProperties) = preSolution
		HideSolutionNode = FALSE
	EndGlobalSection
	GlobalSection(ExtensibilityGlobals) = postSolution
		SolutionGuid = {5633D288-10BD-4150-A24D-18F92EC49499}
	EndGlobalSection
EndGlobal
