{
  "version": 1,
  "dependencies": {
    ".NETFramework,Version=v4.7.2": {
      "Fail2Ban4Win.Abstractions": {
        "type": "Direct",
        "requested": "[0.0.0, )",
        "resolved": "0.0.0",
        "contentHash": "R2DqiCckdUFo9KrxbiOfi9qEJgm8UcFvwSPe5sXVwgrySE+CtfufcZ7yaL+KBj1dfYqwt3Lojce19xUCuibP/g==",
        "dependencies": {
          "IPNetwork2": "3.4.853"
        }
      },
      "ILRepack.Lib.MSBuild.Task": {
        "type": "Direct",
        "requested": "[2.0.44.1, )",
        "resolved": "2.0.44.1",
        "contentHash": "3XeHBO90AI5ggjmSeaSCVWuMuVWvNj+67ghtjTlOjhFSwhsFOJ3YU0GB/Zk19DG1grgHcJY195SIxCFVRiWf9Q=="
      },
      "IPNetwork2": {
        "type": "Direct",
        "requested": "[3.4.853, )",
        "resolved": "3.4.853",
        "contentHash": "A5o5x3KauQupa8CS3tr50QCD4cdF0JI+km3ZsxlGShU8rd7EZzQgylmkv/LoN6V7+9aBRB/rc+lIf1W+zwVqZw==",
        "dependencies": {
          "System.Memory": "4.6.3"
        }
      },
      "LightInject": {
        "type": "Direct",
        "requested": "[7.0.1, )",
        "resolved": "7.0.1",
        "contentHash": "aw4ayG2Pe68i+85ws8zYk7MPCKjEd4DeBoTqVvmjA2cfpYYNnw+v0E5T3PKdriKaxdKF+eUzlnxWWZnYK/gx4w==",
        "dependencies": {
          "System.ValueTuple": "4.5.0"
        }
      },
      "Microsoft.Extensions.Configuration.Binder": {
        "type": "Direct",
        "requested": "[10.0.3, )",
        "resolved": "10.0.3",
        "contentHash": "759UhpKaR5Jsll9kXpkft4z/7tpeF7Dw2rTY/9f9JchaSQTpRFNIPkZFZvoo7fFpbjUaqtDlO5aiGpmQrp/EUA==",
        "dependencies": {
          "Microsoft.Extensions.Configuration": "10.0.3",
          "Microsoft.Extensions.Configuration.Abstractions": "10.0.3"
        }
      },
      "Microsoft.Extensions.Configuration.Json": {
        "type": "Direct",
        "requested": "[10.0.3, )",
        "resolved": "10.0.3",
        "contentHash": "mGGMOA9nkET8OVsQfS41o66eWkckBzNHJK6+5VbLQ2YdyqKphcv27uDZxLf4exSl+5QxLnHkN+W/4qEDgyvCPA==",
        "dependencies": {
          "Microsoft.Extensions.Configuration": "10.0.3",
          "Microsoft.Extensions.Configuration.Abstractions": "10.0.3",
          "Microsoft.Extensions.Configuration.FileExtensions": "10.0.3",
          "Microsoft.Extensions.FileProviders.Abstractions": "10.0.3",
          "System.Text.Json": "10.0.3"
        }
      },
      "NLog": {
        "type": "Direct",
        "requested": "[5.5.1, )",
        "resolved": "5.5.1",
        "contentHash": "ZpLbXSi91tZJPjzNefE+3NugAkQtpWZpSLfZWJGcP1y8qMiXDKxW/nAQ+LYWo7GwH2iYsbKOdsLCK9S3BeRQxA=="
      },
      "Plugins": {
        "type": "Direct",
        "requested": "[0.0.0-beta.4, )",
        "resolved": "0.0.0-beta.4",
        "contentHash": "XnRjoxTHqi0Q7KYU42FZDB+i5XYLURfkYZZK6cgKR7MLzp75usXV9aqLVO2jBvir68DOg2GV2iuLscHmbwreKA=="
      },
      "Unfucked": {
        "type": "Direct",
        "requested": "[0.0.1-beta.31, )",
        "resolved": "0.0.1-beta.31",
        "contentHash": "9+AWHhH2Bv6ZE8DY2Mt09tvX8nJfqolrGV/J+5x5zDOHqqX7iudNjiLnC6wguUnv26w5WL6HM+JU2jR7oABazw==",
        "dependencies": {
          "Microsoft.Bcl.AsyncInterfaces": "8.0.0",
          "System.Collections.Immutable": "8.0.0"
        }
      },
      "WindowsFirewallHelper": {
        "type": "Direct",
        "requested": "[2.2.0.86, )",
        "resolved": "2.2.0.86",
        "contentHash": "JJMij2ODxm2xPiG4rRuolk9Pgb48LEr+Eku1BQyhJHn5uH/TmI5CMAQuVtFbD691/emzsuNwvnYVg5bg7ohkfw=="
      },
      "Microsoft.Bcl.AsyncInterfaces": {
        "type": "Transitive",
        "resolved": "10.0.3",
        "contentHash": "TV62UsrJZPX6gbt3c4WrtXh7bmaDIcMqf9uft1cc4L6gJXOU07hDGEh+bFQh/L2Az0R1WVOkiT66lFqS6G2NmA==",
        "dependencies": {
          "System.Threading.Tasks.Extensions": "4.6.3"
        }
      },
      "Microsoft.Extensions.Configuration": {
        "type": "Transitive",
        "resolved": "10.0.3",
        "contentHash": "H1Cjv2xmm7O3iAGmFTcnSM0ZhLQ/7SqefmAvSJoT1PbXoxeYc2fo0mCLn2JlVbr9E6YpoU9q/o0fI9neDJB0xQ==",
        "dependencies": {
          "Microsoft.Extensions.Configuration.Abstractions": "10.0.3",
          "Microsoft.Extensions.Primitives": "10.0.3"
        }
      },
      "Microsoft.Extensions.Configuration.Abstractions": {
        "type": "Transitive",
        "resolved": "10.0.3",
        "contentHash": "xVDHL0+SIgemfh95fTO9cGLe17TWv/ZP0n7m01z8X6pzt2DmQpucioWR/mYZA1sRlkWnkXzfl0JweLNWmE9WMg==",
        "dependencies": {
          "Microsoft.Extensions.Primitives": "10.0.3",
          "System.ValueTuple": "4.6.1"
        }
      },
      "Microsoft.Extensions.Configuration.FileExtensions": {
        "type": "Transitive",
        "resolved": "10.0.3",
        "contentHash": "/MLsBbLpwDxsU+7DDNwasf2mKrpMSOWEL377gNZTy5waFkCYvS3GVaLIz6bvikH4rAwHrCOxHw0t/5iCoImYCA==",
        "dependencies": {
          "Microsoft.Extensions.Configuration": "10.0.3",
          "Microsoft.Extensions.Configuration.Abstractions": "10.0.3",
          "Microsoft.Extensions.FileProviders.Abstractions": "10.0.3",
          "Microsoft.Extensions.FileProviders.Physical": "10.0.3",
          "Microsoft.Extensions.Primitives": "10.0.3"
        }
      },
      "Microsoft.Extensions.FileProviders.Abstractions": {
        "type": "Transitive",
        "resolved": "10.0.3",
        "contentHash": "4TD9AXDRsipTmaemwnjt/DM5Ri0de2JzHQhvZ4woBTjUtL4XrPNsMrOk5oiLJAx1gTrE6pOIhxv+lEde5F6CZA==",
        "dependencies": {
          "Microsoft.Extensions.Primitives": "10.0.3"
        }
      },
      "Microsoft.Extensions.FileProviders.Physical": {
        "type": "Transitive",
        "resolved": "10.0.3",
        "contentHash": "8qLl5LXtcj6Z8yPbHAA/a57fvvl9nUCdi59AJFuixcWM4wSuENZ8jjoRATOKs/I4vOi/bDe0d5LqGSSLE634eA==",
        "dependencies": {
          "Microsoft.Extensions.FileProviders.Abstractions": "10.0.3",
          "Microsoft.Extensions.FileSystemGlobbing": "10.0.3",
          "Microsoft.Extensions.Primitives": "10.0.3"
        }
      },
      "Microsoft.Extensions.FileSystemGlobbing": {
        "type": "Transitive",
        "resolved": "10.0.3",
        "contentHash": "oM7pl8uJz8WRPRlh4AGQS61aeV9GOfTu89yqTiRSYyyMuCNVkbNra9zEk7ApyJ/sZrUpbjOZCRHuitCEsTWghg=="
      },
      "Microsoft.Extensions.Primitives": {
        "type": "Transitive",
        "resolved": "10.0.3",
        "contentHash": "GEcpTwo7sUoLGGNTqV1FZEuL+tTD9m81NX/mh099dqGNna07/UGZShKQNZRw4hv6nlliSUwYQgSYc7OR99Jufg==",
        "dependencies": {
          "System.Memory": "4.6.3",
          "System.Runtime.CompilerServices.Unsafe": "6.1.2"
        }
      },
      "System.Buffers": {
        "type": "Transitive",
        "resolved": "4.6.1",
        "contentHash": "N8GXpmiLMtljq7gwvyS+1QvKT/W2J8sNAvx+HVg4NGmsG/H+2k/y9QI23auLJRterrzCiDH+IWAw4V/GPwsMlw=="
      },
      "System.Collections.Immutable": {
        "type": "Transitive",
        "resolved": "8.0.0",
        "contentHash": "AurL6Y5BA1WotzlEvVaIDpqzpIPvYnnldxru8oXJU2yFxFUy3+pNXjXd1ymO+RA0rq0+590Q8gaz2l3Sr7fmqg==",
        "dependencies": {
          "System.Memory": "4.5.5",
          "System.Runtime.CompilerServices.Unsafe": "6.0.0"
        }
      },
      "System.IO.Pipelines": {
        "type": "Transitive",
        "resolved": "10.0.3",
        "contentHash": "WMxiA2jGdHnRBmoVK55YUq5VPaxW0Sg2frPtXV+urUMvpqHIga6lleV/YuryHIuGsAKVjQAjv6PrQ6IJpoLohQ==",
        "dependencies": {
          "System.Buffers": "4.6.1",
          "System.Memory": "4.6.3",
          "System.Threading.Tasks.Extensions": "4.6.3"
        }
      },
      "System.Memory": {
        "type": "Transitive",
        "resolved": "4.6.3",
        "contentHash": "qdcDOgnFZY40+Q9876JUHnlHu7bosOHX8XISRoH94fwk6hgaeQGSgfZd8srWRZNt5bV9ZW2TljcegDNxsf+96A==",
        "dependencies": {
          "System.Buffers": "4.6.1",
          "System.Numerics.Vectors": "4.6.1",
          "System.Runtime.CompilerServices.Unsafe": "6.1.2"
        }
      },
      "System.Numerics.Vectors": {
        "type": "Transitive",
        "resolved": "4.6.1",
        "contentHash": "sQxefTnhagrhoq2ReR0D/6K0zJcr9Hrd6kikeXsA1I8kOCboTavcUC4r7TSfpKFeE163uMuxZcyfO1mGO3EN8Q=="
      },
      "System.Runtime.CompilerServices.Unsafe": {
        "type": "Transitive",
        "resolved": "6.1.2",
        "contentHash": "2hBr6zdbIBTDE3EhK7NSVNdX58uTK6iHW/P/Axmm9sl1xoGSLqDvMtpecn226TNwHByFokYwJmt/aQQNlO5CRw=="
      },
      "System.Text.Encodings.Web": {
        "type": "Transitive",
        "resolved": "10.0.3",
        "contentHash": "l8QNBPp92bVzl9Kw8nNtm1uYRNNhUrdulZjM4a8YK/QGNa8z9utKsC0bDoPB+Vq8LOlbD3fIyGlabtz80jT7cw==",
        "dependencies": {
          "System.Buffers": "4.6.1",
          "System.Memory": "4.6.3",
          "System.Runtime.CompilerServices.Unsafe": "6.1.2"
        }
      },
      "System.Text.Json": {
        "type": "Transitive",
        "resolved": "10.0.3",
        "contentHash": "NTUt9DL+maqbgrIYCAmeZUbX0NoXaueySyjW/bdOlFdSUDC1l51XnsbVEuj5tuad12vdq5Sviskp9uMVGgCNLw==",
        "dependencies": {
          "Microsoft.Bcl.AsyncInterfaces": "10.0.3",
          "System.Buffers": "4.6.1",
          "System.IO.Pipelines": "10.0.3",
          "System.Memory": "4.6.3",
          "System.Runtime.CompilerServices.Unsafe": "6.1.2",
          "System.Text.Encodings.Web": "10.0.3",
          "System.Threading.Tasks.Extensions": "4.6.3",
          "System.ValueTuple": "4.6.1"
        }
      },
      "System.Threading.Tasks.Extensions": {
        "type": "Transitive",
        "resolved": "4.6.3",
        "contentHash": "7sCiwilJLYbTZELaKnc7RecBBXWXA+xMLQWZKWawBxYjp6DBlSE3v9/UcvKBvr1vv2tTOhipiogM8rRmxlhrVA==",
        "dependencies": {
          "System.Runtime.CompilerServices.Unsafe": "6.1.2"
        }
      },
      "System.ValueTuple": {
        "type": "Transitive",
        "resolved": "4.6.1",
        "contentHash": "+RJT4qaekpZ7DDLhf+LTjq+E48jieKiY9ulJ+BoxKmZblIJfIJT8Ufcaa/clQqnYvWs8jugfGSMu8ylS0caG0w=="
      }
    },
    ".NETFramework,Version=v4.7.2/win": {},
    ".NETFramework,Version=v4.7.2/win-arm64": {},
    ".NETFramework,Version=v4.7.2/win-x64": {},
    ".NETFramework,Version=v4.7.2/win-x86": {}
  }
}